// !$*UTF8*$!
{
	archiveVersion = 1;
	classes = {
	};
	objectVersion = 46;
	objects = {

/* Begin PBXBuildFile section */
		715D6E314C435F83D0F6A499 /* libPods-JK_WXForum.a in Frameworks */ = {isa = PBXBuildFile; fileRef = 800C7A0137AF4CD094E4DBE3 /* libPods-JK_WXForum.a */; };
		E80DF7E11E1E504A00D22902 /* BaseForumViewController.m in Sources */ = {isa = PBXBuildFile; fileRef = E80DF7E01E1E504A00D22902 /* BaseForumViewController.m */; };
		E80DF7E61E1E51C200D22902 /* ForumSubCell.m in Sources */ = {isa = PBXBuildFile; fileRef = E80DF7E41E1E51C200D22902 /* ForumSubCell.m */; };
		E80DF7E71E1E51C200D22902 /* ForumSubCell.xib in Resources */ = {isa = PBXBuildFile; fileRef = E80DF7E51E1E51C200D22902 /* ForumSubCell.xib */; };
		E80F330D1E1C10740091EE61 /* AllMontensViewController.m in Sources */ = {isa = PBXBuildFile; fileRef = E80F330C1E1C10740091EE61 /* AllMontensViewController.m */; };
		E81377DD1E2E7B0900D65434 /* fieldcomment.png in Resources */ = {isa = PBXBuildFile; fileRef = E81377DC1E2E7B0900D65434 /* fieldcomment.png */; };
		E81377DF1E2E7B1400D65434 /* fieldmore.png in Resources */ = {isa = PBXBuildFile; fileRef = E81377DE1E2E7B1400D65434 /* fieldmore.png */; };
		E8144D831E2BD3A60057992E /* forum_add_seed.png in Resources */ = {isa = PBXBuildFile; fileRef = E8144D7B1E2BD3A60057992E /* forum_add_seed.png */; };
		E8144D841E2BD3A60057992E /* forum_add_seed_10.png in Resources */ = {isa = PBXBuildFile; fileRef = E8144D7C1E2BD3A60057992E /* forum_add_seed_10.png */; };
		E8144D851E2BD3A60057992E /* forum_add_seed_20.png in Resources */ = {isa = PBXBuildFile; fileRef = E8144D7D1E2BD3A60057992E /* forum_add_seed_20.png */; };
		E8144D861E2BD3A60057992E /* forum_add_seed_5.png in Resources */ = {isa = PBXBuildFile; fileRef = E8144D7E1E2BD3A60057992E /* forum_add_seed_5.png */; };
		E8144D871E2BD3A60057992E /* yellowseed.png in Resources */ = {isa = PBXBuildFile; fileRef = E8144D7F1E2BD3A60057992E /* yellowseed.png */; };
		E8144D881E2BD3A60057992E /* 加苗右.png in Resources */ = {isa = PBXBuildFile; fileRef = E8144D801E2BD3A60057992E /* 加苗右.png */; };
		E8144D891E2BD3A60057992E /* 加苗左.png in Resources */ = {isa = PBXBuildFile; fileRef = E8144D811E2BD3A60057992E /* 加苗左.png */; };
		E8144D8A1E2BD3A60057992E /* 收藏1.png in Resources */ = {isa = PBXBuildFile; fileRef = E8144D821E2BD3A60057992E /* 收藏1.png */; };
		E814AF0B1E0BE42600E39746 /* MaxCycleView.m in Sources */ = {isa = PBXBuildFile; fileRef = E814AF0A1E0BE42600E39746 /* MaxCycleView.m */; };
		E814AF0D1E0BED5900E39746 /* MaxCycleView.xib in Resources */ = {isa = PBXBuildFile; fileRef = E814AF0C1E0BED5900E39746 /* MaxCycleView.xib */; };
		E814AF111E0BEEC200E39746 /* CycleViewCell.m in Sources */ = {isa = PBXBuildFile; fileRef = E814AF0F1E0BEEC200E39746 /* CycleViewCell.m */; };
		E814AF121E0BEEC200E39746 /* CycleViewCell.xib in Resources */ = {isa = PBXBuildFile; fileRef = E814AF101E0BEEC200E39746 /* CycleViewCell.xib */; };
		E814AF151E0BF0BE00E39746 /* maxCycleModel.m in Sources */ = {isa = PBXBuildFile; fileRef = E814AF141E0BF0BE00E39746 /* maxCycleModel.m */; };
		E816BFA01E10FEA500B818EB /* JKNetSchoolViewController.m in Sources */ = {isa = PBXBuildFile; fileRef = E816BF9F1E10FEA500B818EB /* JKNetSchoolViewController.m */; };
		E81756CF1E0919A400E261F4 /* JKCustomButton.m in Sources */ = {isa = PBXBuildFile; fileRef = E81756CE1E0919A400E261F4 /* JKCustomButton.m */; };
		E81756D31E092C5000E261F4 /* JKGeneralCell.m in Sources */ = {isa = PBXBuildFile; fileRef = E81756D21E092C5000E261F4 /* JKGeneralCell.m */; };
		E81756D51E09361500E261F4 /* JKGeneralCell.xib in Resources */ = {isa = PBXBuildFile; fileRef = E81756D41E09361500E261F4 /* JKGeneralCell.xib */; };
		E81756D81E093A4000E261F4 /* GeneralModel.m in Sources */ = {isa = PBXBuildFile; fileRef = E81756D71E093A4000E261F4 /* GeneralModel.m */; };
		E81756DB1E093B3A00E261F4 /* NetWorkSingleton.m in Sources */ = {isa = PBXBuildFile; fileRef = E81756DA1E093B3A00E261F4 /* NetWorkSingleton.m */; };
		E81756DF1E09404600E261F4 /* GeneralRequestVM.m in Sources */ = {isa = PBXBuildFile; fileRef = E81756DE1E09404600E261F4 /* GeneralRequestVM.m */; };
		E81756E21E099F5000E261F4 /* OnLineoffLineView.m in Sources */ = {isa = PBXBuildFile; fileRef = E81756E11E099F5000E261F4 /* OnLineoffLineView.m */; };
		E81756E51E099FF400E261F4 /* OnLineCustomButton.m in Sources */ = {isa = PBXBuildFile; fileRef = E81756E41E099FF400E261F4 /* OnLineCustomButton.m */; };
		E81B14451E26837E00C4875E /* BaseWebViewController.m in Sources */ = {isa = PBXBuildFile; fileRef = E81B14441E26837E00C4875E /* BaseWebViewController.m */; };
		E81B14481E268FC000C4875E /* WebRequest.m in Sources */ = {isa = PBXBuildFile; fileRef = E81B14471E268FC000C4875E /* WebRequest.m */; };
		E81B144B1E268FD000C4875E /* webModel.m in Sources */ = {isa = PBXBuildFile; fileRef = E81B144A1E268FD000C4875E /* webModel.m */; };
		E81B144E1E26994200C4875E /* UIImage+Color.m in Sources */ = {isa = PBXBuildFile; fileRef = E81B144D1E26994200C4875E /* UIImage+Color.m */; };
		E81B14581E26CE6600C4875E /* index.css in Resources */ = {isa = PBXBuildFile; fileRef = E81B14561E26CE6600C4875E /* index.css */; };
		E81B14591E26CE6600C4875E /* index.js in Resources */ = {isa = PBXBuildFile; fileRef = E81B14571E26CE6600C4875E /* index.js */; };
		E81C3BCA1E19549B00207ACE /* BaseScrollViewController.m in Sources */ = {isa = PBXBuildFile; fileRef = E81C3BC91E19549B00207ACE /* BaseScrollViewController.m */; };
		E81C3BCF1E195A0A00207ACE /* MomentsCell.m in Sources */ = {isa = PBXBuildFile; fileRef = E81C3BCD1E195A0A00207ACE /* MomentsCell.m */; };
		E81EF7511E1289BB00DD0661 /* TopSelectView.m in Sources */ = {isa = PBXBuildFile; fileRef = E81EF7501E1289BB00DD0661 /* TopSelectView.m */; };
		E81EF7531E1289D000DD0661 /* TopSelectView.xib in Resources */ = {isa = PBXBuildFile; fileRef = E81EF7521E1289D000DD0661 /* TopSelectView.xib */; };
		E81EF7561E128B1A00DD0661 /* CustomNetButton.m in Sources */ = {isa = PBXBuildFile; fileRef = E81EF7551E128B1A00DD0661 /* CustomNetButton.m */; };
		E81EF7591E12A85400DD0661 /* NetSchoolRequest.m in Sources */ = {isa = PBXBuildFile; fileRef = E81EF7581E12A85400DD0661 /* NetSchoolRequest.m */; };
		E82D20E91E3132F4008FD7E2 /* StringUtils.m in Sources */ = {isa = PBXBuildFile; fileRef = E82D20E81E3132F4008FD7E2 /* StringUtils.m */; };
		E82D82851E1CD03C000F7ED3 /* IssueRequest.m in Sources */ = {isa = PBXBuildFile; fileRef = E82D82841E1CD03C000F7ED3 /* IssueRequest.m */; };
		E82D828B1E1CD54A000F7ED3 /* IssueModel.m in Sources */ = {isa = PBXBuildFile; fileRef = E82D828A1E1CD54A000F7ED3 /* IssueModel.m */; };
		E82D82901E1CDBD7000F7ED3 /* TopHalfView.m in Sources */ = {isa = PBXBuildFile; fileRef = E82D828F1E1CDBD7000F7ED3 /* TopHalfView.m */; };
		E82D82921E1CDBEA000F7ED3 /* TopHalfView.xib in Resources */ = {isa = PBXBuildFile; fileRef = E82D82911E1CDBEA000F7ED3 /* TopHalfView.xib */; };
		E82D82951E1CDC0E000F7ED3 /* MidImageView.m in Sources */ = {isa = PBXBuildFile; fileRef = E82D82941E1CDC0E000F7ED3 /* MidImageView.m */; };
		E82D82981E1CDE11000F7ED3 /* BottomLikeView.m in Sources */ = {isa = PBXBuildFile; fileRef = E82D82971E1CDE11000F7ED3 /* BottomLikeView.m */; };
		E82D829A1E1CDE2B000F7ED3 /* BottomLikeView.xib in Resources */ = {isa = PBXBuildFile; fileRef = E82D82991E1CDE2B000F7ED3 /* BottomLikeView.xib */; };
		E82D829D1E1D44DC000F7ED3 /* BaseMomentViewController.m in Sources */ = {isa = PBXBuildFile; fileRef = E82D829C1E1D44DC000F7ED3 /* BaseMomentViewController.m */; };
		E82D82A01E1D4777000F7ED3 /* HotMontentViewController.m in Sources */ = {isa = PBXBuildFile; fileRef = E82D829F1E1D4777000F7ED3 /* HotMontentViewController.m */; };
		E85EEB251E3C999E0036E507 /* BaseRequest.m in Sources */ = {isa = PBXBuildFile; fileRef = E85EEB241E3C999E0036E507 /* BaseRequest.m */; };
		E85EEB291E3CABB90036E507 /* RunlooperUtils.m in Sources */ = {isa = PBXBuildFile; fileRef = E85EEB281E3CABB90036E507 /* RunlooperUtils.m */; };
		E86DC0201E2778F500C33DC1 /* JavaScriptCore.framework in Frameworks */ = {isa = PBXBuildFile; fileRef = E86DC01F1E2778F500C33DC1 /* JavaScriptCore.framework */; };
		E86DC0231E2780D700C33DC1 /* index.html in Resources */ = {isa = PBXBuildFile; fileRef = E86DC0221E2780D700C33DC1 /* index.html */; };
		E8B837651E15B339005178D5 /* CLASSB.m in Sources */ = {isa = PBXBuildFile; fileRef = E8B837641E15B339005178D5 /* CLASSB.m */; };
		E8B899721E082C2200ED57E3 /* main.m in Sources */ = {isa = PBXBuildFile; fileRef = E8B899711E082C2200ED57E3 /* main.m */; };
		E8B899751E082C2200ED57E3 /* AppDelegate.m in Sources */ = {isa = PBXBuildFile; fileRef = E8B899741E082C2200ED57E3 /* AppDelegate.m */; };
		E8B8997B1E082C2200ED57E3 /* Main.storyboard in Resources */ = {isa = PBXBuildFile; fileRef = E8B899791E082C2200ED57E3 /* Main.storyboard */; };
		E8B8997D1E082C2200ED57E3 /* Assets.xcassets in Resources */ = {isa = PBXBuildFile; fileRef = E8B8997C1E082C2200ED57E3 /* Assets.xcassets */; };
		E8B899801E082C2200ED57E3 /* LaunchScreen.storyboard in Resources */ = {isa = PBXBuildFile; fileRef = E8B8997E1E082C2200ED57E3 /* LaunchScreen.storyboard */; };
		E8B8998B1E082C2200ED57E3 /* JK_WXForumTests.m in Sources */ = {isa = PBXBuildFile; fileRef = E8B8998A1E082C2200ED57E3 /* JK_WXForumTests.m */; };
		E8B899961E082C2200ED57E3 /* JK_WXForumUITests.m in Sources */ = {isa = PBXBuildFile; fileRef = E8B899951E082C2200ED57E3 /* JK_WXForumUITests.m */; };
		E8B899B21E0834A400ED57E3 /* JKForumViewController.m in Sources */ = {isa = PBXBuildFile; fileRef = E8B899B11E0834A400ED57E3 /* JKForumViewController.m */; };
		E8B899B51E0834E100ED57E3 /* JKIssueViewController.m in Sources */ = {isa = PBXBuildFile; fileRef = E8B899B41E0834E100ED57E3 /* JKIssueViewController.m */; };
		E8B899BB1E08354E00ED57E3 /* JKProfileViewController.m in Sources */ = {isa = PBXBuildFile; fileRef = E8B899BA1E08354E00ED57E3 /* JKProfileViewController.m */; };
		E8B899BE1E08357000ED57E3 /* JKWXForumViewController.m in Sources */ = {isa = PBXBuildFile; fileRef = E8B899BD1E08357000ED57E3 /* JKWXForumViewController.m */; };
		E8B899C11E08365500ED57E3 /* MainViewController.m in Sources */ = {isa = PBXBuildFile; fileRef = E8B899C01E08365500ED57E3 /* MainViewController.m */; };
		E8B899C61E08495500ED57E3 /* UIView+Frame.m in Sources */ = {isa = PBXBuildFile; fileRef = E8B899C51E08495500ED57E3 /* UIView+Frame.m */; };
		E8B899C91E08516D00ED57E3 /* UIImage+Render.m in Sources */ = {isa = PBXBuildFile; fileRef = E8B899C81E08516D00ED57E3 /* UIImage+Render.m */; };
		E8B899CC1E08620E00ED57E3 /* JKNavgationController.m in Sources */ = {isa = PBXBuildFile; fileRef = E8B899CB1E08620E00ED57E3 /* JKNavgationController.m */; };
		E8B899CF1E08682900ED57E3 /* UIButton+buttonItem.m in Sources */ = {isa = PBXBuildFile; fileRef = E8B899CE1E08682900ED57E3 /* UIButton+buttonItem.m */; };
		E8B899D21E086B3800ED57E3 /* BaseViewController.m in Sources */ = {isa = PBXBuildFile; fileRef = E8B899D11E086B3800ED57E3 /* BaseViewController.m */; };
/* End PBXBuildFile section */

/* Begin PBXContainerItemProxy section */
		E8B899871E082C2200ED57E3 /* PBXContainerItemProxy */ = {
			isa = PBXContainerItemProxy;
			containerPortal = E8B899651E082C2200ED57E3 /* Project object */;
			proxyType = 1;
			remoteGlobalIDString = E8B8996C1E082C2200ED57E3;
			remoteInfo = JK_WXForum;
		};
		E8B899921E082C2200ED57E3 /* PBXContainerItemProxy */ = {
			isa = PBXContainerItemProxy;
			containerPortal = E8B899651E082C2200ED57E3 /* Project object */;
			proxyType = 1;
			remoteGlobalIDString = E8B8996C1E082C2200ED57E3;
			remoteInfo = JK_WXForum;
		};
/* End PBXContainerItemProxy section */

/* Begin PBXFileReference section */
		31AE2F41644ADD620B10F9E5 /* Pods-JK_WXForum.release.xcconfig */ = {isa = PBXFileReference; includeInIndex = 1; lastKnownFileType = text.xcconfig; name = "Pods-JK_WXForum.release.xcconfig"; path = "Pods/Target Support Files/Pods-JK_WXForum/Pods-JK_WXForum.release.xcconfig"; sourceTree = "<group>"; };
		800C7A0137AF4CD094E4DBE3 /* libPods-JK_WXForum.a */ = {isa = PBXFileReference; explicitFileType = archive.ar; includeInIndex = 0; path = "libPods-JK_WXForum.a"; sourceTree = BUILT_PRODUCTS_DIR; };
		930923F64D7B410AB349226A /* Pods-JK_WXForum.debug.xcconfig */ = {isa = PBXFileReference; includeInIndex = 1; lastKnownFileType = text.xcconfig; name = "Pods-JK_WXForum.debug.xcconfig"; path = "Pods/Target Support Files/Pods-JK_WXForum/Pods-JK_WXForum.debug.xcconfig"; sourceTree = "<group>"; };
		E80DF7DF1E1E504A00D22902 /* BaseForumViewController.h */ = {isa = PBXFileReference; fileEncoding = 4; lastKnownFileType = sourcecode.c.h; path = BaseForumViewController.h; sourceTree = "<group>"; };
		E80DF7E01E1E504A00D22902 /* BaseForumViewController.m */ = {isa = PBXFileReference; fileEncoding = 4; lastKnownFileType = sourcecode.c.objc; path = BaseForumViewController.m; sourceTree = "<group>"; };
		E80DF7E31E1E51C200D22902 /* ForumSubCell.h */ = {isa = PBXFileReference; fileEncoding = 4; lastKnownFileType = sourcecode.c.h; path = ForumSubCell.h; sourceTree = "<group>"; };
		E80DF7E41E1E51C200D22902 /* ForumSubCell.m */ = {isa = PBXFileReference; fileEncoding = 4; lastKnownFileType = sourcecode.c.objc; path = ForumSubCell.m; sourceTree = "<group>"; };
		E80DF7E51E1E51C200D22902 /* ForumSubCell.xib */ = {isa = PBXFileReference; fileEncoding = 4; lastKnownFileType = file.xib; path = ForumSubCell.xib; sourceTree = "<group>"; };
		E80F330B1E1C10740091EE61 /* AllMontensViewController.h */ = {isa = PBXFileReference; fileEncoding = 4; lastKnownFileType = sourcecode.c.h; path = AllMontensViewController.h; sourceTree = "<group>"; };
		E80F330C1E1C10740091EE61 /* AllMontensViewController.m */ = {isa = PBXFileReference; fileEncoding = 4; lastKnownFileType = sourcecode.c.objc; path = AllMontensViewController.m; sourceTree = "<group>"; };
		E81377DC1E2E7B0900D65434 /* fieldcomment.png */ = {isa = PBXFileReference; lastKnownFileType = image.png; path = fieldcomment.png; sourceTree = "<group>"; };
		E81377DE1E2E7B1400D65434 /* fieldmore.png */ = {isa = PBXFileReference; lastKnownFileType = image.png; path = fieldmore.png; sourceTree = "<group>"; };
		E8144D7B1E2BD3A60057992E /* forum_add_seed.png */ = {isa = PBXFileReference; lastKnownFileType = image.png; path = forum_add_seed.png; sourceTree = "<group>"; };
		E8144D7C1E2BD3A60057992E /* forum_add_seed_10.png */ = {isa = PBXFileReference; lastKnownFileType = image.png; path = forum_add_seed_10.png; sourceTree = "<group>"; };
		E8144D7D1E2BD3A60057992E /* forum_add_seed_20.png */ = {isa = PBXFileReference; lastKnownFileType = image.png; path = forum_add_seed_20.png; sourceTree = "<group>"; };
		E8144D7E1E2BD3A60057992E /* forum_add_seed_5.png */ = {isa = PBXFileReference; lastKnownFileType = image.png; path = forum_add_seed_5.png; sourceTree = "<group>"; };
		E8144D7F1E2BD3A60057992E /* yellowseed.png */ = {isa = PBXFileReference; lastKnownFileType = image.png; path = yellowseed.png; sourceTree = "<group>"; };
		E8144D801E2BD3A60057992E /* 加苗右.png */ = {isa = PBXFileReference; lastKnownFileType = image.png; path = "加苗右.png"; sourceTree = "<group>"; };
		E8144D811E2BD3A60057992E /* 加苗左.png */ = {isa = PBXFileReference; lastKnownFileType = image.png; path = "加苗左.png"; sourceTree = "<group>"; };
		E8144D821E2BD3A60057992E /* 收藏1.png */ = {isa = PBXFileReference; lastKnownFileType = image.png; path = "收藏1.png"; sourceTree = "<group>"; };
		E814AF091E0BE42600E39746 /* MaxCycleView.h */ = {isa = PBXFileReference; fileEncoding = 4; lastKnownFileType = sourcecode.c.h; path = MaxCycleView.h; sourceTree = "<group>"; };
		E814AF0A1E0BE42600E39746 /* MaxCycleView.m */ = {isa = PBXFileReference; fileEncoding = 4; lastKnownFileType = sourcecode.c.objc; path = MaxCycleView.m; sourceTree = "<group>"; };
		E814AF0C1E0BED5900E39746 /* MaxCycleView.xib */ = {isa = PBXFileReference; fileEncoding = 4; lastKnownFileType = file.xib; path = MaxCycleView.xib; sourceTree = "<group>"; };
		E814AF0E1E0BEEC200E39746 /* CycleViewCell.h */ = {isa = PBXFileReference; fileEncoding = 4; lastKnownFileType = sourcecode.c.h; path = CycleViewCell.h; sourceTree = "<group>"; };
		E814AF0F1E0BEEC200E39746 /* CycleViewCell.m */ = {isa = PBXFileReference; fileEncoding = 4; lastKnownFileType = sourcecode.c.objc; path = CycleViewCell.m; sourceTree = "<group>"; };
		E814AF101E0BEEC200E39746 /* CycleViewCell.xib */ = {isa = PBXFileReference; fileEncoding = 4; lastKnownFileType = file.xib; path = CycleViewCell.xib; sourceTree = "<group>"; };
		E814AF131E0BF0BE00E39746 /* maxCycleModel.h */ = {isa = PBXFileReference; fileEncoding = 4; lastKnownFileType = sourcecode.c.h; name = maxCycleModel.h; path = ViewModels/maxCycleModel.h; sourceTree = "<group>"; };
		E814AF141E0BF0BE00E39746 /* maxCycleModel.m */ = {isa = PBXFileReference; fileEncoding = 4; lastKnownFileType = sourcecode.c.objc; name = maxCycleModel.m; path = ViewModels/maxCycleModel.m; sourceTree = "<group>"; };
		E816BF9E1E10FEA500B818EB /* JKNetSchoolViewController.h */ = {isa = PBXFileReference; fileEncoding = 4; lastKnownFileType = sourcecode.c.h; path = JKNetSchoolViewController.h; sourceTree = "<group>"; };
		E816BF9F1E10FEA500B818EB /* JKNetSchoolViewController.m */ = {isa = PBXFileReference; fileEncoding = 4; lastKnownFileType = sourcecode.c.objc; path = JKNetSchoolViewController.m; sourceTree = "<group>"; };
		E81756CD1E0919A400E261F4 /* JKCustomButton.h */ = {isa = PBXFileReference; fileEncoding = 4; lastKnownFileType = sourcecode.c.h; name = JKCustomButton.h; path = ../Classes/WXForum/JKCustomButton.h; sourceTree = "<group>"; };
		E81756CE1E0919A400E261F4 /* JKCustomButton.m */ = {isa = PBXFileReference; fileEncoding = 4; lastKnownFileType = sourcecode.c.objc; name = JKCustomButton.m; path = ../Classes/WXForum/JKCustomButton.m; sourceTree = "<group>"; };
		E81756D11E092C5000E261F4 /* JKGeneralCell.h */ = {isa = PBXFileReference; fileEncoding = 4; lastKnownFileType = sourcecode.c.h; path = JKGeneralCell.h; sourceTree = "<group>"; };
		E81756D21E092C5000E261F4 /* JKGeneralCell.m */ = {isa = PBXFileReference; fileEncoding = 4; lastKnownFileType = sourcecode.c.objc; path = JKGeneralCell.m; sourceTree = "<group>"; };
		E81756D41E09361500E261F4 /* JKGeneralCell.xib */ = {isa = PBXFileReference; fileEncoding = 4; lastKnownFileType = file.xib; path = JKGeneralCell.xib; sourceTree = "<group>"; };
		E81756D61E093A4000E261F4 /* GeneralModel.h */ = {isa = PBXFileReference; fileEncoding = 4; lastKnownFileType = sourcecode.c.h; path = GeneralModel.h; sourceTree = "<group>"; };
		E81756D71E093A4000E261F4 /* GeneralModel.m */ = {isa = PBXFileReference; fileEncoding = 4; lastKnownFileType = sourcecode.c.objc; path = GeneralModel.m; sourceTree = "<group>"; };
		E81756D91E093B3A00E261F4 /* NetWorkSingleton.h */ = {isa = PBXFileReference; fileEncoding = 4; lastKnownFileType = sourcecode.c.h; path = NetWorkSingleton.h; sourceTree = "<group>"; };
		E81756DA1E093B3A00E261F4 /* NetWorkSingleton.m */ = {isa = PBXFileReference; fileEncoding = 4; lastKnownFileType = sourcecode.c.objc; path = NetWorkSingleton.m; sourceTree = "<group>"; };
		E81756DD1E09404600E261F4 /* GeneralRequestVM.h */ = {isa = PBXFileReference; fileEncoding = 4; lastKnownFileType = sourcecode.c.h; path = GeneralRequestVM.h; sourceTree = "<group>"; };
		E81756DE1E09404600E261F4 /* GeneralRequestVM.m */ = {isa = PBXFileReference; fileEncoding = 4; lastKnownFileType = sourcecode.c.objc; path = GeneralRequestVM.m; sourceTree = "<group>"; };
		E81756E01E099F5000E261F4 /* OnLineoffLineView.h */ = {isa = PBXFileReference; fileEncoding = 4; lastKnownFileType = sourcecode.c.h; path = OnLineoffLineView.h; sourceTree = "<group>"; };
		E81756E11E099F5000E261F4 /* OnLineoffLineView.m */ = {isa = PBXFileReference; fileEncoding = 4; lastKnownFileType = sourcecode.c.objc; path = OnLineoffLineView.m; sourceTree = "<group>"; };
		E81756E31E099FF400E261F4 /* OnLineCustomButton.h */ = {isa = PBXFileReference; fileEncoding = 4; lastKnownFileType = sourcecode.c.h; path = OnLineCustomButton.h; sourceTree = "<group>"; };
		E81756E41E099FF400E261F4 /* OnLineCustomButton.m */ = {isa = PBXFileReference; fileEncoding = 4; lastKnownFileType = sourcecode.c.objc; path = OnLineCustomButton.m; sourceTree = "<group>"; };
		E81B14431E26837E00C4875E /* BaseWebViewController.h */ = {isa = PBXFileReference; fileEncoding = 4; lastKnownFileType = sourcecode.c.h; path = BaseWebViewController.h; sourceTree = "<group>"; };
		E81B14441E26837E00C4875E /* BaseWebViewController.m */ = {isa = PBXFileReference; fileEncoding = 4; lastKnownFileType = sourcecode.c.objc; path = BaseWebViewController.m; sourceTree = "<group>"; };
		E81B14461E268FC000C4875E /* WebRequest.h */ = {isa = PBXFileReference; fileEncoding = 4; lastKnownFileType = sourcecode.c.h; path = WebRequest.h; sourceTree = "<group>"; };
		E81B14471E268FC000C4875E /* WebRequest.m */ = {isa = PBXFileReference; fileEncoding = 4; lastKnownFileType = sourcecode.c.objc; path = WebRequest.m; sourceTree = "<group>"; };
		E81B14491E268FD000C4875E /* webModel.h */ = {isa = PBXFileReference; fileEncoding = 4; lastKnownFileType = sourcecode.c.h; path = webModel.h; sourceTree = "<group>"; };
		E81B144A1E268FD000C4875E /* webModel.m */ = {isa = PBXFileReference; fileEncoding = 4; lastKnownFileType = sourcecode.c.objc; path = webModel.m; sourceTree = "<group>"; };
		E81B144C1E26994200C4875E /* UIImage+Color.h */ = {isa = PBXFileReference; fileEncoding = 4; lastKnownFileType = sourcecode.c.h; path = "UIImage+Color.h"; sourceTree = "<group>"; };
		E81B144D1E26994200C4875E /* UIImage+Color.m */ = {isa = PBXFileReference; fileEncoding = 4; lastKnownFileType = sourcecode.c.objc; path = "UIImage+Color.m"; sourceTree = "<group>"; };
		E81B14561E26CE6600C4875E /* index.css */ = {isa = PBXFileReference; fileEncoding = 4; lastKnownFileType = text.css; path = index.css; sourceTree = "<group>"; };
		E81B14571E26CE6600C4875E /* index.js */ = {isa = PBXFileReference; fileEncoding = 4; lastKnownFileType = sourcecode.javascript; path = index.js; sourceTree = "<group>"; };
		E81C3BC81E19549B00207ACE /* BaseScrollViewController.h */ = {isa = PBXFileReference; fileEncoding = 4; lastKnownFileType = sourcecode.c.h; path = BaseScrollViewController.h; sourceTree = "<group>"; };
		E81C3BC91E19549B00207ACE /* BaseScrollViewController.m */ = {isa = PBXFileReference; fileEncoding = 4; lastKnownFileType = sourcecode.c.objc; path = BaseScrollViewController.m; sourceTree = "<group>"; };
		E81C3BCC1E195A0A00207ACE /* MomentsCell.h */ = {isa = PBXFileReference; fileEncoding = 4; lastKnownFileType = sourcecode.c.h; path = MomentsCell.h; sourceTree = "<group>"; };
		E81C3BCD1E195A0A00207ACE /* MomentsCell.m */ = {isa = PBXFileReference; fileEncoding = 4; lastKnownFileType = sourcecode.c.objc; path = MomentsCell.m; sourceTree = "<group>"; };
		E81EF74F1E1289BB00DD0661 /* TopSelectView.h */ = {isa = PBXFileReference; fileEncoding = 4; lastKnownFileType = sourcecode.c.h; path = TopSelectView.h; sourceTree = "<group>"; };
		E81EF7501E1289BB00DD0661 /* TopSelectView.m */ = {isa = PBXFileReference; fileEncoding = 4; lastKnownFileType = sourcecode.c.objc; path = TopSelectView.m; sourceTree = "<group>"; };
		E81EF7521E1289D000DD0661 /* TopSelectView.xib */ = {isa = PBXFileReference; fileEncoding = 4; lastKnownFileType = file.xib; path = TopSelectView.xib; sourceTree = "<group>"; };
		E81EF7541E128B1A00DD0661 /* CustomNetButton.h */ = {isa = PBXFileReference; fileEncoding = 4; lastKnownFileType = sourcecode.c.h; path = CustomNetButton.h; sourceTree = "<group>"; };
		E81EF7551E128B1A00DD0661 /* CustomNetButton.m */ = {isa = PBXFileReference; fileEncoding = 4; lastKnownFileType = sourcecode.c.objc; path = CustomNetButton.m; sourceTree = "<group>"; };
		E81EF7571E12A85400DD0661 /* NetSchoolRequest.h */ = {isa = PBXFileReference; fileEncoding = 4; lastKnownFileType = sourcecode.c.h; path = NetSchoolRequest.h; sourceTree = "<group>"; };
		E81EF7581E12A85400DD0661 /* NetSchoolRequest.m */ = {isa = PBXFileReference; fileEncoding = 4; lastKnownFileType = sourcecode.c.objc; path = NetSchoolRequest.m; sourceTree = "<group>"; };
		E82D20E71E3132F4008FD7E2 /* StringUtils.h */ = {isa = PBXFileReference; fileEncoding = 4; lastKnownFileType = sourcecode.c.h; path = StringUtils.h; sourceTree = "<group>"; };
		E82D20E81E3132F4008FD7E2 /* StringUtils.m */ = {isa = PBXFileReference; fileEncoding = 4; lastKnownFileType = sourcecode.c.objc; path = StringUtils.m; sourceTree = "<group>"; };
		E82D82831E1CD03C000F7ED3 /* IssueRequest.h */ = {isa = PBXFileReference; fileEncoding = 4; lastKnownFileType = sourcecode.c.h; path = IssueRequest.h; sourceTree = "<group>"; };
		E82D82841E1CD03C000F7ED3 /* IssueRequest.m */ = {isa = PBXFileReference; fileEncoding = 4; lastKnownFileType = sourcecode.c.objc; path = IssueRequest.m; sourceTree = "<group>"; };
		E82D82891E1CD54A000F7ED3 /* IssueModel.h */ = {isa = PBXFileReference; fileEncoding = 4; lastKnownFileType = sourcecode.c.h; path = IssueModel.h; sourceTree = "<group>"; };
		E82D828A1E1CD54A000F7ED3 /* IssueModel.m */ = {isa = PBXFileReference; fileEncoding = 4; lastKnownFileType = sourcecode.c.objc; path = IssueModel.m; sourceTree = "<group>"; };
		E82D828E1E1CDBD7000F7ED3 /* TopHalfView.h */ = {isa = PBXFileReference; fileEncoding = 4; lastKnownFileType = sourcecode.c.h; path = TopHalfView.h; sourceTree = "<group>"; };
		E82D828F1E1CDBD7000F7ED3 /* TopHalfView.m */ = {isa = PBXFileReference; fileEncoding = 4; lastKnownFileType = sourcecode.c.objc; path = TopHalfView.m; sourceTree = "<group>"; };
		E82D82911E1CDBEA000F7ED3 /* TopHalfView.xib */ = {isa = PBXFileReference; fileEncoding = 4; lastKnownFileType = file.xib; path = TopHalfView.xib; sourceTree = "<group>"; };
		E82D82931E1CDC0E000F7ED3 /* MidImageView.h */ = {isa = PBXFileReference; fileEncoding = 4; lastKnownFileType = sourcecode.c.h; path = MidImageView.h; sourceTree = "<group>"; };
		E82D82941E1CDC0E000F7ED3 /* MidImageView.m */ = {isa = PBXFileReference; fileEncoding = 4; lastKnownFileType = sourcecode.c.objc; path = MidImageView.m; sourceTree = "<group>"; };
		E82D82961E1CDE11000F7ED3 /* BottomLikeView.h */ = {isa = PBXFileReference; fileEncoding = 4; lastKnownFileType = sourcecode.c.h; path = BottomLikeView.h; sourceTree = "<group>"; };
		E82D82971E1CDE11000F7ED3 /* BottomLikeView.m */ = {isa = PBXFileReference; fileEncoding = 4; lastKnownFileType = sourcecode.c.objc; path = BottomLikeView.m; sourceTree = "<group>"; };
		E82D82991E1CDE2B000F7ED3 /* BottomLikeView.xib */ = {isa = PBXFileReference; fileEncoding = 4; lastKnownFileType = file.xib; path = BottomLikeView.xib; sourceTree = "<group>"; };
		E82D829B1E1D44DC000F7ED3 /* BaseMomentViewController.h */ = {isa = PBXFileReference; fileEncoding = 4; lastKnownFileType = sourcecode.c.h; path = BaseMomentViewController.h; sourceTree = "<group>"; };
		E82D829C1E1D44DC000F7ED3 /* BaseMomentViewController.m */ = {isa = PBXFileReference; fileEncoding = 4; lastKnownFileType = sourcecode.c.objc; path = BaseMomentViewController.m; sourceTree = "<group>"; };
		E82D829E1E1D4777000F7ED3 /* HotMontentViewController.h */ = {isa = PBXFileReference; fileEncoding = 4; lastKnownFileType = sourcecode.c.h; path = HotMontentViewController.h; sourceTree = "<group>"; };
		E82D829F1E1D4777000F7ED3 /* HotMontentViewController.m */ = {isa = PBXFileReference; fileEncoding = 4; lastKnownFileType = sourcecode.c.objc; path = HotMontentViewController.m; sourceTree = "<group>"; };
		E85EEB231E3C999E0036E507 /* BaseRequest.h */ = {isa = PBXFileReference; fileEncoding = 4; lastKnownFileType = sourcecode.c.h; path = BaseRequest.h; sourceTree = "<group>"; };
		E85EEB241E3C999E0036E507 /* BaseRequest.m */ = {isa = PBXFileReference; fileEncoding = 4; lastKnownFileType = sourcecode.c.objc; path = BaseRequest.m; sourceTree = "<group>"; };
		E85EEB261E3C9AC30036E507 /* RequestProtocol.h */ = {isa = PBXFileReference; fileEncoding = 4; lastKnownFileType = sourcecode.c.h; path = RequestProtocol.h; sourceTree = "<group>"; };
		E85EEB271E3CABB90036E507 /* RunlooperUtils.h */ = {isa = PBXFileReference; fileEncoding = 4; lastKnownFileType = sourcecode.c.h; path = RunlooperUtils.h; sourceTree = "<group>"; };
		E85EEB281E3CABB90036E507 /* RunlooperUtils.m */ = {isa = PBXFileReference; fileEncoding = 4; lastKnownFileType = sourcecode.c.objc; path = RunlooperUtils.m; sourceTree = "<group>"; };
		E86DC01F1E2778F500C33DC1 /* JavaScriptCore.framework */ = {isa = PBXFileReference; lastKnownFileType = wrapper.framework; name = JavaScriptCore.framework; path = System/Library/Frameworks/JavaScriptCore.framework; sourceTree = SDKROOT; };
		E86DC0221E2780D700C33DC1 /* index.html */ = {isa = PBXFileReference; fileEncoding = 4; lastKnownFileType = text.html; path = index.html; sourceTree = "<group>"; };
		E8B837631E15B339005178D5 /* CLASSB.h */ = {isa = PBXFileReference; fileEncoding = 4; lastKnownFileType = sourcecode.c.h; path = CLASSB.h; sourceTree = "<group>"; };
		E8B837641E15B339005178D5 /* CLASSB.m */ = {isa = PBXFileReference; fileEncoding = 4; lastKnownFileType = sourcecode.c.objc; path = CLASSB.m; sourceTree = "<group>"; };
		E8B8996D1E082C2200ED57E3 /* JK_WXForum.app */ = {isa = PBXFileReference; explicitFileType = wrapper.application; includeInIndex = 0; path = JK_WXForum.app; sourceTree = BUILT_PRODUCTS_DIR; };
		E8B899711E082C2200ED57E3 /* main.m */ = {isa = PBXFileReference; lastKnownFileType = sourcecode.c.objc; path = main.m; sourceTree = "<group>"; };
		E8B899731E082C2200ED57E3 /* AppDelegate.h */ = {isa = PBXFileReference; lastKnownFileType = sourcecode.c.h; path = AppDelegate.h; sourceTree = "<group>"; };
		E8B899741E082C2200ED57E3 /* AppDelegate.m */ = {isa = PBXFileReference; lastKnownFileType = sourcecode.c.objc; path = AppDelegate.m; sourceTree = "<group>"; };
		E8B8997A1E082C2200ED57E3 /* Base */ = {isa = PBXFileReference; lastKnownFileType = file.storyboard; name = Base; path = Base.lproj/Main.storyboard; sourceTree = "<group>"; };
		E8B8997C1E082C2200ED57E3 /* Assets.xcassets */ = {isa = PBXFileReference; lastKnownFileType = folder.assetcatalog; path = Assets.xcassets; sourceTree = "<group>"; };
		E8B8997F1E082C2200ED57E3 /* Base */ = {isa = PBXFileReference; lastKnownFileType = file.storyboard; name = Base; path = Base.lproj/LaunchScreen.storyboard; sourceTree = "<group>"; };
		E8B899811E082C2200ED57E3 /* Info.plist */ = {isa = PBXFileReference; lastKnownFileType = text.plist.xml; path = Info.plist; sourceTree = "<group>"; };
		E8B899861E082C2200ED57E3 /* JK_WXForumTests.xctest */ = {isa = PBXFileReference; explicitFileType = wrapper.cfbundle; includeInIndex = 0; path = JK_WXForumTests.xctest; sourceTree = BUILT_PRODUCTS_DIR; };
		E8B8998A1E082C2200ED57E3 /* JK_WXForumTests.m */ = {isa = PBXFileReference; lastKnownFileType = sourcecode.c.objc; path = JK_WXForumTests.m; sourceTree = "<group>"; };
		E8B8998C1E082C2200ED57E3 /* Info.plist */ = {isa = PBXFileReference; lastKnownFileType = text.plist.xml; path = Info.plist; sourceTree = "<group>"; };
		E8B899911E082C2200ED57E3 /* JK_WXForumUITests.xctest */ = {isa = PBXFileReference; explicitFileType = wrapper.cfbundle; includeInIndex = 0; path = JK_WXForumUITests.xctest; sourceTree = BUILT_PRODUCTS_DIR; };
		E8B899951E082C2200ED57E3 /* JK_WXForumUITests.m */ = {isa = PBXFileReference; lastKnownFileType = sourcecode.c.objc; path = JK_WXForumUITests.m; sourceTree = "<group>"; };
		E8B899971E082C2200ED57E3 /* Info.plist */ = {isa = PBXFileReference; lastKnownFileType = text.plist.xml; path = Info.plist; sourceTree = "<group>"; };
		E8B899B01E0834A400ED57E3 /* JKForumViewController.h */ = {isa = PBXFileReference; fileEncoding = 4; lastKnownFileType = sourcecode.c.h; path = JKForumViewController.h; sourceTree = "<group>"; };
		E8B899B11E0834A400ED57E3 /* JKForumViewController.m */ = {isa = PBXFileReference; fileEncoding = 4; lastKnownFileType = sourcecode.c.objc; path = JKForumViewController.m; sourceTree = "<group>"; };
		E8B899B31E0834E100ED57E3 /* JKIssueViewController.h */ = {isa = PBXFileReference; fileEncoding = 4; lastKnownFileType = sourcecode.c.h; path = JKIssueViewController.h; sourceTree = "<group>"; };
		E8B899B41E0834E100ED57E3 /* JKIssueViewController.m */ = {isa = PBXFileReference; fileEncoding = 4; lastKnownFileType = sourcecode.c.objc; path = JKIssueViewController.m; sourceTree = "<group>"; };
		E8B899B91E08354E00ED57E3 /* JKProfileViewController.h */ = {isa = PBXFileReference; fileEncoding = 4; lastKnownFileType = sourcecode.c.h; path = JKProfileViewController.h; sourceTree = "<group>"; };
		E8B899BA1E08354E00ED57E3 /* JKProfileViewController.m */ = {isa = PBXFileReference; fileEncoding = 4; lastKnownFileType = sourcecode.c.objc; path = JKProfileViewController.m; sourceTree = "<group>"; };
		E8B899BC1E08357000ED57E3 /* JKWXForumViewController.h */ = {isa = PBXFileReference; fileEncoding = 4; lastKnownFileType = sourcecode.c.h; path = JKWXForumViewController.h; sourceTree = "<group>"; };
		E8B899BD1E08357000ED57E3 /* JKWXForumViewController.m */ = {isa = PBXFileReference; fileEncoding = 4; lastKnownFileType = sourcecode.c.objc; path = JKWXForumViewController.m; sourceTree = "<group>"; };
		E8B899BF1E08365500ED57E3 /* MainViewController.h */ = {isa = PBXFileReference; fileEncoding = 4; lastKnownFileType = sourcecode.c.h; path = MainViewController.h; sourceTree = "<group>"; };
		E8B899C01E08365500ED57E3 /* MainViewController.m */ = {isa = PBXFileReference; fileEncoding = 4; lastKnownFileType = sourcecode.c.objc; path = MainViewController.m; sourceTree = "<group>"; };
		E8B899C21E0836D600ED57E3 /* Singleton.h */ = {isa = PBXFileReference; fileEncoding = 4; lastKnownFileType = sourcecode.c.h; name = Singleton.h; path = ../Main/Singleton.h; sourceTree = "<group>"; };
		E8B899C31E08487E00ED57E3 /* WX_Prefix.h */ = {isa = PBXFileReference; lastKnownFileType = sourcecode.c.h; path = WX_Prefix.h; sourceTree = "<group>"; };
		E8B899C41E08495500ED57E3 /* UIView+Frame.h */ = {isa = PBXFileReference; fileEncoding = 4; lastKnownFileType = sourcecode.c.h; path = "UIView+Frame.h"; sourceTree = "<group>"; };
		E8B899C51E08495500ED57E3 /* UIView+Frame.m */ = {isa = PBXFileReference; fileEncoding = 4; lastKnownFileType = sourcecode.c.objc; path = "UIView+Frame.m"; sourceTree = "<group>"; };
		E8B899C71E08516D00ED57E3 /* UIImage+Render.h */ = {isa = PBXFileReference; fileEncoding = 4; lastKnownFileType = sourcecode.c.h; path = "UIImage+Render.h"; sourceTree = "<group>"; };
		E8B899C81E08516D00ED57E3 /* UIImage+Render.m */ = {isa = PBXFileReference; fileEncoding = 4; lastKnownFileType = sourcecode.c.objc; path = "UIImage+Render.m"; sourceTree = "<group>"; };
		E8B899CA1E08620E00ED57E3 /* JKNavgationController.h */ = {isa = PBXFileReference; fileEncoding = 4; lastKnownFileType = sourcecode.c.h; path = JKNavgationController.h; sourceTree = "<group>"; };
		E8B899CB1E08620E00ED57E3 /* JKNavgationController.m */ = {isa = PBXFileReference; fileEncoding = 4; lastKnownFileType = sourcecode.c.objc; path = JKNavgationController.m; sourceTree = "<group>"; };
		E8B899CD1E08682900ED57E3 /* UIButton+buttonItem.h */ = {isa = PBXFileReference; fileEncoding = 4; lastKnownFileType = sourcecode.c.h; path = "UIButton+buttonItem.h"; sourceTree = "<group>"; };
		E8B899CE1E08682900ED57E3 /* UIButton+buttonItem.m */ = {isa = PBXFileReference; fileEncoding = 4; lastKnownFileType = sourcecode.c.objc; path = "UIButton+buttonItem.m"; sourceTree = "<group>"; };
		E8B899D01E086B3800ED57E3 /* BaseViewController.h */ = {isa = PBXFileReference; fileEncoding = 4; lastKnownFileType = sourcecode.c.h; path = BaseViewController.h; sourceTree = "<group>"; };
		E8B899D11E086B3800ED57E3 /* BaseViewController.m */ = {isa = PBXFileReference; fileEncoding = 4; lastKnownFileType = sourcecode.c.objc; path = BaseViewController.m; sourceTree = "<group>"; };
/* End PBXFileReference section */

/* Begin PBXFrameworksBuildPhase section */
		E8B8996A1E082C2200ED57E3 /* Frameworks */ = {
			isa = PBXFrameworksBuildPhase;
			buildActionMask = 2147483647;
			files = (
				E86DC0201E2778F500C33DC1 /* JavaScriptCore.framework in Frameworks */,
				715D6E314C435F83D0F6A499 /* libPods-JK_WXForum.a in Frameworks */,
			);
			runOnlyForDeploymentPostprocessing = 0;
		};
		E8B899831E082C2200ED57E3 /* Frameworks */ = {
			isa = PBXFrameworksBuildPhase;
			buildActionMask = 2147483647;
			files = (
			);
			runOnlyForDeploymentPostprocessing = 0;
		};
		E8B8998E1E082C2200ED57E3 /* Frameworks */ = {
			isa = PBXFrameworksBuildPhase;
			buildActionMask = 2147483647;
			files = (
			);
			runOnlyForDeploymentPostprocessing = 0;
		};
/* End PBXFrameworksBuildPhase section */

/* Begin PBXGroup section */
		799AEE222A5749114B2A6C7E /* Pods */ = {
			isa = PBXGroup;
			children = (
				930923F64D7B410AB349226A /* Pods-JK_WXForum.debug.xcconfig */,
				31AE2F41644ADD620B10F9E5 /* Pods-JK_WXForum.release.xcconfig */,
			);
			name = Pods;
			sourceTree = "<group>";
		};
		9433205CFB34089D6C4A4BB6 /* Frameworks */ = {
			isa = PBXGroup;
			children = (
				E86DC01F1E2778F500C33DC1 /* JavaScriptCore.framework */,
				800C7A0137AF4CD094E4DBE3 /* libPods-JK_WXForum.a */,
			);
			name = Frameworks;
			sourceTree = "<group>";
		};
		E80DF7E21E1E510B00D22902 /* Forum */ = {
			isa = PBXGroup;
			children = (
				E80DF7E31E1E51C200D22902 /* ForumSubCell.h */,
				E80DF7E41E1E51C200D22902 /* ForumSubCell.m */,
				E80DF7E51E1E51C200D22902 /* ForumSubCell.xib */,
			);
			name = Forum;
			sourceTree = "<group>";
		};
		E8144D7A1E2BD3A60057992E /* WebImage */ = {
			isa = PBXGroup;
			children = (
				E81377DE1E2E7B1400D65434 /* fieldmore.png */,
				E81377DC1E2E7B0900D65434 /* fieldcomment.png */,
				E8144D7B1E2BD3A60057992E /* forum_add_seed.png */,
				E8144D7C1E2BD3A60057992E /* forum_add_seed_10.png */,
				E8144D7D1E2BD3A60057992E /* forum_add_seed_20.png */,
				E8144D7E1E2BD3A60057992E /* forum_add_seed_5.png */,
				E8144D7F1E2BD3A60057992E /* yellowseed.png */,
				E8144D801E2BD3A60057992E /* 加苗右.png */,
				E8144D811E2BD3A60057992E /* 加苗左.png */,
				E8144D821E2BD3A60057992E /* 收藏1.png */,
			);
			path = WebImage;
			sourceTree = "<group>";
		};
		E814AF081E0BE3C700E39746 /* BaseView */ = {
			isa = PBXGroup;
			children = (
				E814AF091E0BE42600E39746 /* MaxCycleView.h */,
				E814AF0A1E0BE42600E39746 /* MaxCycleView.m */,
				E814AF0C1E0BED5900E39746 /* MaxCycleView.xib */,
				E814AF0E1E0BEEC200E39746 /* CycleViewCell.h */,
				E814AF0F1E0BEEC200E39746 /* CycleViewCell.m */,
				E814AF101E0BEEC200E39746 /* CycleViewCell.xib */,
			);
			name = BaseView;
			sourceTree = "<group>";
		};
		E81756D01E0929D200E261F4 /* WXForumView */ = {
			isa = PBXGroup;
			children = (
				E81756D11E092C5000E261F4 /* JKGeneralCell.h */,
				E81756D21E092C5000E261F4 /* JKGeneralCell.m */,
				E81756D41E09361500E261F4 /* JKGeneralCell.xib */,
				E81756CD1E0919A400E261F4 /* JKCustomButton.h */,
				E81756CE1E0919A400E261F4 /* JKCustomButton.m */,
				E81756E01E099F5000E261F4 /* OnLineoffLineView.h */,
				E81756E11E099F5000E261F4 /* OnLineoffLineView.m */,
				E81756E31E099FF400E261F4 /* OnLineCustomButton.h */,
				E81756E41E099FF400E261F4 /* OnLineCustomButton.m */,
			);
			name = WXForumView;
			sourceTree = "<group>";
		};
		E81756DC1E093FD000E261F4 /* ViewRequest */ = {
			isa = PBXGroup;
			children = (
				E81756DD1E09404600E261F4 /* GeneralRequestVM.h */,
				E81756DE1E09404600E261F4 /* GeneralRequestVM.m */,
				E81EF7571E12A85400DD0661 /* NetSchoolRequest.h */,
				E81EF7581E12A85400DD0661 /* NetSchoolRequest.m */,
				E82D82831E1CD03C000F7ED3 /* IssueRequest.h */,
				E82D82841E1CD03C000F7ED3 /* IssueRequest.m */,
				E81B14461E268FC000C4875E /* WebRequest.h */,
				E81B14471E268FC000C4875E /* WebRequest.m */,
				E85EEB231E3C999E0036E507 /* BaseRequest.h */,
				E85EEB241E3C999E0036E507 /* BaseRequest.m */,
				E85EEB261E3C9AC30036E507 /* RequestProtocol.h */,
			);
			name = ViewRequest;
			path = ViewModels;
			sourceTree = "<group>";
		};
		E81B144F1E26BE7C00C4875E /* WebJavaScript */ = {
			isa = PBXGroup;
			children = (
				E81B14561E26CE6600C4875E /* index.css */,
				E81B14571E26CE6600C4875E /* index.js */,
				E86DC0221E2780D700C33DC1 /* index.html */,
				E8144D7A1E2BD3A60057992E /* WebImage */,
			);
			path = WebJavaScript;
			sourceTree = "<group>";
		};
		E81C3BCB1E19599800207ACE /* IssueView */ = {
			isa = PBXGroup;
			children = (
				E81C3BCC1E195A0A00207ACE /* MomentsCell.h */,
				E81C3BCD1E195A0A00207ACE /* MomentsCell.m */,
				E82D828E1E1CDBD7000F7ED3 /* TopHalfView.h */,
				E82D828F1E1CDBD7000F7ED3 /* TopHalfView.m */,
				E82D82911E1CDBEA000F7ED3 /* TopHalfView.xib */,
				E82D82931E1CDC0E000F7ED3 /* MidImageView.h */,
				E82D82941E1CDC0E000F7ED3 /* MidImageView.m */,
				E82D82961E1CDE11000F7ED3 /* BottomLikeView.h */,
				E82D82971E1CDE11000F7ED3 /* BottomLikeView.m */,
				E82D82991E1CDE2B000F7ED3 /* BottomLikeView.xib */,
			);
			name = IssueView;
			sourceTree = "<group>";
		};
		E81D1B421E30036B0058A6C0 /* Presenter */ = {
			isa = PBXGroup;
			children = (
			);
			path = Presenter;
			sourceTree = "<group>";
		};
		E81EF74E1E12898300DD0661 /* NetSchoolView */ = {
			isa = PBXGroup;
			children = (
				E81EF74F1E1289BB00DD0661 /* TopSelectView.h */,
				E81EF7501E1289BB00DD0661 /* TopSelectView.m */,
				E81EF7521E1289D000DD0661 /* TopSelectView.xib */,
				E81EF7541E128B1A00DD0661 /* CustomNetButton.h */,
				E81EF7551E128B1A00DD0661 /* CustomNetButton.m */,
				E8B837631E15B339005178D5 /* CLASSB.h */,
				E8B837641E15B339005178D5 /* CLASSB.m */,
			);
			name = NetSchoolView;
			sourceTree = "<group>";
		};
		E8B899641E082C2200ED57E3 = {
			isa = PBXGroup;
			children = (
				E8B8996F1E082C2200ED57E3 /* JK_WXForum */,
				E8B899891E082C2200ED57E3 /* JK_WXForumTests */,
				E8B899941E082C2200ED57E3 /* JK_WXForumUITests */,
				E8B8996E1E082C2200ED57E3 /* Products */,
				799AEE222A5749114B2A6C7E /* Pods */,
				9433205CFB34089D6C4A4BB6 /* Frameworks */,
			);
			sourceTree = "<group>";
		};
		E8B8996E1E082C2200ED57E3 /* Products */ = {
			isa = PBXGroup;
			children = (
				E8B8996D1E082C2200ED57E3 /* JK_WXForum.app */,
				E8B899861E082C2200ED57E3 /* JK_WXForumTests.xctest */,
				E8B899911E082C2200ED57E3 /* JK_WXForumUITests.xctest */,
			);
			name = Products;
			sourceTree = "<group>";
		};
		E8B8996F1E082C2200ED57E3 /* JK_WXForum */ = {
			isa = PBXGroup;
			children = (
				E81B144F1E26BE7C00C4875E /* WebJavaScript */,
				E8B899A61E082F7D00ED57E3 /* Main */,
				E8B899A71E082F7D00ED57E3 /* Models */,
				E8B899A91E082FB200ED57E3 /* Views */,
				E8B899A31E082F7D00ED57E3 /* Classes */,
				E8B899A41E082F7D00ED57E3 /* EndPoints */,
				E8B899A51E082F7D00ED57E3 /* Extension */,
				E8B899A81E082F7D00ED57E3 /* Tools */,
				E8B899731E082C2200ED57E3 /* AppDelegate.h */,
				E8B899741E082C2200ED57E3 /* AppDelegate.m */,
				E8B899791E082C2200ED57E3 /* Main.storyboard */,
				E8B8997C1E082C2200ED57E3 /* Assets.xcassets */,
				E8B8997E1E082C2200ED57E3 /* LaunchScreen.storyboard */,
				E8B899811E082C2200ED57E3 /* Info.plist */,
				E8B899701E082C2200ED57E3 /* Supporting Files */,
			);
			path = JK_WXForum;
			sourceTree = "<group>";
		};
		E8B899701E082C2200ED57E3 /* Supporting Files */ = {
			isa = PBXGroup;
			children = (
				E8B899711E082C2200ED57E3 /* main.m */,
				E8B899C31E08487E00ED57E3 /* WX_Prefix.h */,
			);
			name = "Supporting Files";
			sourceTree = "<group>";
		};
		E8B899891E082C2200ED57E3 /* JK_WXForumTests */ = {
			isa = PBXGroup;
			children = (
				E8B8998A1E082C2200ED57E3 /* JK_WXForumTests.m */,
				E8B8998C1E082C2200ED57E3 /* Info.plist */,
			);
			path = JK_WXForumTests;
			sourceTree = "<group>";
		};
		E8B899941E082C2200ED57E3 /* JK_WXForumUITests */ = {
			isa = PBXGroup;
			children = (
				E8B899951E082C2200ED57E3 /* JK_WXForumUITests.m */,
				E8B899971E082C2200ED57E3 /* Info.plist */,
			);
			path = JK_WXForumUITests;
			sourceTree = "<group>";
		};
		E8B899A31E082F7D00ED57E3 /* Classes */ = {
			isa = PBXGroup;
			children = (
				E8B899AF1E08345B00ED57E3 /* WXForum */,
				E8B899AD1E08345B00ED57E3 /* NetSchool */,
				E8B899AC1E08345B00ED57E3 /* Issue */,
				E8B899AB1E08345B00ED57E3 /* Forum */,
				E8B899AE1E08345B00ED57E3 /* Profile */,
			);
			path = Classes;
			sourceTree = "<group>";
		};
		E8B899A41E082F7D00ED57E3 /* EndPoints */ = {
			isa = PBXGroup;
			children = (
			);
			path = EndPoints;
			sourceTree = "<group>";
		};
		E8B899A51E082F7D00ED57E3 /* Extension */ = {
			isa = PBXGroup;
			children = (
				E8B899C41E08495500ED57E3 /* UIView+Frame.h */,
				E8B899C51E08495500ED57E3 /* UIView+Frame.m */,
				E8B899C71E08516D00ED57E3 /* UIImage+Render.h */,
				E8B899C81E08516D00ED57E3 /* UIImage+Render.m */,
				E8B899CD1E08682900ED57E3 /* UIButton+buttonItem.h */,
				E8B899CE1E08682900ED57E3 /* UIButton+buttonItem.m */,
				E81B144C1E26994200C4875E /* UIImage+Color.h */,
				E81B144D1E26994200C4875E /* UIImage+Color.m */,
			);
			path = Extension;
			sourceTree = "<group>";
		};
		E8B899A61E082F7D00ED57E3 /* Main */ = {
			isa = PBXGroup;
			children = (
				E81D1B421E30036B0058A6C0 /* Presenter */,
				E8B899AA1E0830D400ED57E3 /* Controllers */,
			);
			path = Main;
			sourceTree = "<group>";
		};
		E8B899A71E082F7D00ED57E3 /* Models */ = {
			isa = PBXGroup;
			children = (
				E81756DC1E093FD000E261F4 /* ViewRequest */,
				E81756D61E093A4000E261F4 /* GeneralModel.h */,
				E81756D71E093A4000E261F4 /* GeneralModel.m */,
				E814AF131E0BF0BE00E39746 /* maxCycleModel.h */,
				E814AF141E0BF0BE00E39746 /* maxCycleModel.m */,
				E82D82891E1CD54A000F7ED3 /* IssueModel.h */,
				E82D828A1E1CD54A000F7ED3 /* IssueModel.m */,
				E81B14491E268FD000C4875E /* webModel.h */,
				E81B144A1E268FD000C4875E /* webModel.m */,
			);
			path = Models;
			sourceTree = "<group>";
		};
		E8B899A81E082F7D00ED57E3 /* Tools */ = {
			isa = PBXGroup;
			children = (
				E82D20E71E3132F4008FD7E2 /* StringUtils.h */,
				E82D20E81E3132F4008FD7E2 /* StringUtils.m */,
				E81756D91E093B3A00E261F4 /* NetWorkSingleton.h */,
				E81756DA1E093B3A00E261F4 /* NetWorkSingleton.m */,
				E8B899C21E0836D600ED57E3 /* Singleton.h */,
				E85EEB271E3CABB90036E507 /* RunlooperUtils.h */,
				E85EEB281E3CABB90036E507 /* RunlooperUtils.m */,
			);
			path = Tools;
			sourceTree = "<group>";
		};
		E8B899A91E082FB200ED57E3 /* Views */ = {
			isa = PBXGroup;
			children = (
				E80DF7E21E1E510B00D22902 /* Forum */,
				E81C3BCB1E19599800207ACE /* IssueView */,
				E814AF081E0BE3C700E39746 /* BaseView */,
				E81EF74E1E12898300DD0661 /* NetSchoolView */,
				E81756D01E0929D200E261F4 /* WXForumView */,
			);
			path = Views;
			sourceTree = "<group>";
		};
		E8B899AA1E0830D400ED57E3 /* Controllers */ = {
			isa = PBXGroup;
			children = (
				E8B899BF1E08365500ED57E3 /* MainViewController.h */,
				E8B899C01E08365500ED57E3 /* MainViewController.m */,
				E8B899CA1E08620E00ED57E3 /* JKNavgationController.h */,
				E8B899CB1E08620E00ED57E3 /* JKNavgationController.m */,
				E8B899D01E086B3800ED57E3 /* BaseViewController.h */,
				E8B899D11E086B3800ED57E3 /* BaseViewController.m */,
				E81C3BC81E19549B00207ACE /* BaseScrollViewController.h */,
				E81C3BC91E19549B00207ACE /* BaseScrollViewController.m */,
				E82D829B1E1D44DC000F7ED3 /* BaseMomentViewController.h */,
				E82D829C1E1D44DC000F7ED3 /* BaseMomentViewController.m */,
				E80DF7DF1E1E504A00D22902 /* BaseForumViewController.h */,
				E80DF7E01E1E504A00D22902 /* BaseForumViewController.m */,
				E81B14431E26837E00C4875E /* BaseWebViewController.h */,
				E81B14441E26837E00C4875E /* BaseWebViewController.m */,
			);
			path = Controllers;
			sourceTree = "<group>";
		};
		E8B899AB1E08345B00ED57E3 /* Forum */ = {
			isa = PBXGroup;
			children = (
				E8B899B01E0834A400ED57E3 /* JKForumViewController.h */,
				E8B899B11E0834A400ED57E3 /* JKForumViewController.m */,
			);
			path = Forum;
			sourceTree = "<group>";
		};
		E8B899AC1E08345B00ED57E3 /* Issue */ = {
			isa = PBXGroup;
			children = (
				E8B899B31E0834E100ED57E3 /* JKIssueViewController.h */,
				E8B899B41E0834E100ED57E3 /* JKIssueViewController.m */,
				E80F330B1E1C10740091EE61 /* AllMontensViewController.h */,
				E80F330C1E1C10740091EE61 /* AllMontensViewController.m */,
				E82D829E1E1D4777000F7ED3 /* HotMontentViewController.h */,
				E82D829F1E1D4777000F7ED3 /* HotMontentViewController.m */,
			);
			path = Issue;
			sourceTree = "<group>";
		};
		E8B899AD1E08345B00ED57E3 /* NetSchool */ = {
			isa = PBXGroup;
			children = (
				E816BF9E1E10FEA500B818EB /* JKNetSchoolViewController.h */,
				E816BF9F1E10FEA500B818EB /* JKNetSchoolViewController.m */,
			);
			path = NetSchool;
			sourceTree = "<group>";
		};
		E8B899AE1E08345B00ED57E3 /* Profile */ = {
			isa = PBXGroup;
			children = (
				E8B899B91E08354E00ED57E3 /* JKProfileViewController.h */,
				E8B899BA1E08354E00ED57E3 /* JKProfileViewController.m */,
			);
			path = Profile;
			sourceTree = "<group>";
		};
		E8B899AF1E08345B00ED57E3 /* WXForum */ = {
			isa = PBXGroup;
			children = (
				E8B899BC1E08357000ED57E3 /* JKWXForumViewController.h */,
				E8B899BD1E08357000ED57E3 /* JKWXForumViewController.m */,
			);
			path = WXForum;
			sourceTree = "<group>";
		};
/* End PBXGroup section */

/* Begin PBXNativeTarget section */
		E8B8996C1E082C2200ED57E3 /* JK_WXForum */ = {
			isa = PBXNativeTarget;
			buildConfigurationList = E8B8999A1E082C2200ED57E3 /* Build configuration list for PBXNativeTarget "JK_WXForum" */;
			buildPhases = (
				CA027F8FB0B206024DD822B5 /* [CP] Check Pods Manifest.lock */,
				E8B899691E082C2200ED57E3 /* Sources */,
				E8B8996A1E082C2200ED57E3 /* Frameworks */,
				E8B8996B1E082C2200ED57E3 /* Resources */,
				874D1E3531B96C9BC1FC60E7 /* [CP] Embed Pods Frameworks */,
				09D854759178BE3AF89DF81B /* [CP] Copy Pods Resources */,
			);
			buildRules = (
			);
			dependencies = (
			);
			name = JK_WXForum;
			productName = JK_WXForum;
			productReference = E8B8996D1E082C2200ED57E3 /* JK_WXForum.app */;
			productType = "com.apple.product-type.application";
		};
		E8B899851E082C2200ED57E3 /* JK_WXForumTests */ = {
			isa = PBXNativeTarget;
			buildConfigurationList = E8B8999D1E082C2200ED57E3 /* Build configuration list for PBXNativeTarget "JK_WXForumTests" */;
			buildPhases = (
				E8B899821E082C2200ED57E3 /* Sources */,
				E8B899831E082C2200ED57E3 /* Frameworks */,
				E8B899841E082C2200ED57E3 /* Resources */,
			);
			buildRules = (
			);
			dependencies = (
				E8B899881E082C2200ED57E3 /* PBXTargetDependency */,
			);
			name = JK_WXForumTests;
			productName = JK_WXForumTests;
			productReference = E8B899861E082C2200ED57E3 /* JK_WXForumTests.xctest */;
			productType = "com.apple.product-type.bundle.unit-test";
		};
		E8B899901E082C2200ED57E3 /* JK_WXForumUITests */ = {
			isa = PBXNativeTarget;
			buildConfigurationList = E8B899A01E082C2200ED57E3 /* Build configuration list for PBXNativeTarget "JK_WXForumUITests" */;
			buildPhases = (
				E8B8998D1E082C2200ED57E3 /* Sources */,
				E8B8998E1E082C2200ED57E3 /* Frameworks */,
				E8B8998F1E082C2200ED57E3 /* Resources */,
			);
			buildRules = (
			);
			dependencies = (
				E8B899931E082C2200ED57E3 /* PBXTargetDependency */,
			);
			name = JK_WXForumUITests;
			productName = JK_WXForumUITests;
			productReference = E8B899911E082C2200ED57E3 /* JK_WXForumUITests.xctest */;
			productType = "com.apple.product-type.bundle.ui-testing";
		};
/* End PBXNativeTarget section */

/* Begin PBXProject section */
		E8B899651E082C2200ED57E3 /* Project object */ = {
			isa = PBXProject;
			attributes = {
				LastUpgradeCheck = 0730;
				ORGANIZATIONNAME = Jackey;
				TargetAttributes = {
					E8B8996C1E082C2200ED57E3 = {
						CreatedOnToolsVersion = 7.3.1;
						DevelopmentTeam = 37GR5W3P72;
					};
					E8B899851E082C2200ED57E3 = {
						CreatedOnToolsVersion = 7.3.1;
						TestTargetID = E8B8996C1E082C2200ED57E3;
					};
					E8B899901E082C2200ED57E3 = {
						CreatedOnToolsVersion = 7.3.1;
						TestTargetID = E8B8996C1E082C2200ED57E3;
					};
				};
			};
			buildConfigurationList = E8B899681E082C2200ED57E3 /* Build configuration list for PBXProject "JK_WXForum" */;
			compatibilityVersion = "Xcode 3.2";
			developmentRegion = English;
			hasScannedForEncodings = 0;
			knownRegions = (
				en,
				Base,
			);
			mainGroup = E8B899641E082C2200ED57E3;
			productRefGroup = E8B8996E1E082C2200ED57E3 /* Products */;
			projectDirPath = "";
			projectRoot = "";
			targets = (
				E8B8996C1E082C2200ED57E3 /* JK_WXForum */,
				E8B899851E082C2200ED57E3 /* JK_WXForumTests */,
				E8B899901E082C2200ED57E3 /* JK_WXForumUITests */,
			);
		};
/* End PBXProject section */

/* Begin PBXResourcesBuildPhase section */
		E8B8996B1E082C2200ED57E3 /* Resources */ = {
			isa = PBXResourcesBuildPhase;
			buildActionMask = 2147483647;
			files = (
				E8144D841E2BD3A60057992E /* forum_add_seed_10.png in Resources */,
				E81377DF1E2E7B1400D65434 /* fieldmore.png in Resources */,
				E82D82921E1CDBEA000F7ED3 /* TopHalfView.xib in Resources */,
				E814AF0D1E0BED5900E39746 /* MaxCycleView.xib in Resources */,
				E8144D8A1E2BD3A60057992E /* 收藏1.png in Resources */,
				E81B14581E26CE6600C4875E /* index.css in Resources */,
				E86DC0231E2780D700C33DC1 /* index.html in Resources */,
				E81B14591E26CE6600C4875E /* index.js in Resources */,
				E8144D871E2BD3A60057992E /* yellowseed.png in Resources */,
				E8B899801E082C2200ED57E3 /* LaunchScreen.storyboard in Resources */,
				E81EF7531E1289D000DD0661 /* TopSelectView.xib in Resources */,
				E80DF7E71E1E51C200D22902 /* ForumSubCell.xib in Resources */,
				E81756D51E09361500E261F4 /* JKGeneralCell.xib in Resources */,
				E81377DD1E2E7B0900D65434 /* fieldcomment.png in Resources */,
				E8144D851E2BD3A60057992E /* forum_add_seed_20.png in Resources */,
				E82D829A1E1CDE2B000F7ED3 /* BottomLikeView.xib in Resources */,
				E8144D831E2BD3A60057992E /* forum_add_seed.png in Resources */,
				E8144D861E2BD3A60057992E /* forum_add_seed_5.png in Resources */,
				E814AF121E0BEEC200E39746 /* CycleViewCell.xib in Resources */,
				E8B8997D1E082C2200ED57E3 /* Assets.xcassets in Resources */,
				E8144D881E2BD3A60057992E /* 加苗右.png in Resources */,
				E8B8997B1E082C2200ED57E3 /* Main.storyboard in Resources */,
				E8144D891E2BD3A60057992E /* 加苗左.png in Resources */,
			);
			runOnlyForDeploymentPostprocessing = 0;
		};
		E8B899841E082C2200ED57E3 /* Resources */ = {
			isa = PBXResourcesBuildPhase;
			buildActionMask = 2147483647;
			files = (
			);
			runOnlyForDeploymentPostprocessing = 0;
		};
		E8B8998F1E082C2200ED57E3 /* Resources */ = {
			isa = PBXResourcesBuildPhase;
			buildActionMask = 2147483647;
			files = (
			);
			runOnlyForDeploymentPostprocessing = 0;
		};
/* End PBXResourcesBuildPhase section */

/* Begin PBXShellScriptBuildPhase section */
		09D854759178BE3AF89DF81B /* [CP] Copy Pods Resources */ = {
			isa = PBXShellScriptBuildPhase;
			buildActionMask = 2147483647;
			files = (
			);
			inputPaths = (
			);
			name = "[CP] Copy Pods Resources";
			outputPaths = (
			);
			runOnlyForDeploymentPostprocessing = 0;
			shellPath = /bin/sh;
			shellScript = "\"${SRCROOT}/Pods/Target Support Files/Pods-JK_WXForum/Pods-JK_WXForum-resources.sh\"\n";
			showEnvVarsInLog = 0;
		};
		874D1E3531B96C9BC1FC60E7 /* [CP] Embed Pods Frameworks */ = {
			isa = PBXShellScriptBuildPhase;
			buildActionMask = 2147483647;
			files = (
			);
			inputPaths = (
			);
			name = "[CP] Embed Pods Frameworks";
			outputPaths = (
			);
			runOnlyForDeploymentPostprocessing = 0;
			shellPath = /bin/sh;
			shellScript = "\"${SRCROOT}/Pods/Target Support Files/Pods-JK_WXForum/Pods-JK_WXForum-frameworks.sh\"\n";
			showEnvVarsInLog = 0;
		};
		CA027F8FB0B206024DD822B5 /* [CP] Check Pods Manifest.lock */ = {
			isa = PBXShellScriptBuildPhase;
			buildActionMask = 2147483647;
			files = (
			);
			inputPaths = (
			);
			name = "[CP] Check Pods Manifest.lock";
			outputPaths = (
			);
			runOnlyForDeploymentPostprocessing = 0;
			shellPath = /bin/sh;
			shellScript = "diff \"${PODS_ROOT}/../Podfile.lock\" \"${PODS_ROOT}/Manifest.lock\" > /dev/null\nif [[ $? != 0 ]] ; then\n    cat << EOM\nerror: The sandbox is not in sync with the Podfile.lock. Run 'pod install' or update your CocoaPods installation.\nEOM\n    exit 1\nfi\n";
			showEnvVarsInLog = 0;
		};
/* End PBXShellScriptBuildPhase section */

/* Begin PBXSourcesBuildPhase section */
		E8B899691E082C2200ED57E3 /* Sources */ = {
			isa = PBXSourcesBuildPhase;
			buildActionMask = 2147483647;
			files = (
				E814AF151E0BF0BE00E39746 /* maxCycleModel.m in Sources */,
				E82D828B1E1CD54A000F7ED3 /* IssueModel.m in Sources */,
				E81EF7561E128B1A00DD0661 /* CustomNetButton.m in Sources */,
				E80DF7E61E1E51C200D22902 /* ForumSubCell.m in Sources */,
				E8B899CF1E08682900ED57E3 /* UIButton+buttonItem.m in Sources */,
				E8B899751E082C2200ED57E3 /* AppDelegate.m in Sources */,
				E8B899BB1E08354E00ED57E3 /* JKProfileViewController.m in Sources */,
				E82D82981E1CDE11000F7ED3 /* BottomLikeView.m in Sources */,
				E814AF111E0BEEC200E39746 /* CycleViewCell.m in Sources */,
				E82D82A01E1D4777000F7ED3 /* HotMontentViewController.m in Sources */,
				E8B899BE1E08357000ED57E3 /* JKWXForumViewController.m in Sources */,
				E81756DB1E093B3A00E261F4 /* NetWorkSingleton.m in Sources */,
				E82D20E91E3132F4008FD7E2 /* StringUtils.m in Sources */,
				E8B899C61E08495500ED57E3 /* UIView+Frame.m in Sources */,
				E8B899CC1E08620E00ED57E3 /* JKNavgationController.m in Sources */,
				E81B14481E268FC000C4875E /* WebRequest.m in Sources */,
				E80DF7E11E1E504A00D22902 /* BaseForumViewController.m in Sources */,
				E82D82951E1CDC0E000F7ED3 /* MidImageView.m in Sources */,
				E8B899C11E08365500ED57E3 /* MainViewController.m in Sources */,
				E8B899B21E0834A400ED57E3 /* JKForumViewController.m in Sources */,
				E81B14451E26837E00C4875E /* BaseWebViewController.m in Sources */,
				E82D829D1E1D44DC000F7ED3 /* BaseMomentViewController.m in Sources */,
				E85EEB251E3C999E0036E507 /* BaseRequest.m in Sources */,
				E81756D81E093A4000E261F4 /* GeneralModel.m in Sources */,
				E80F330D1E1C10740091EE61 /* AllMontensViewController.m in Sources */,
				E82D82901E1CDBD7000F7ED3 /* TopHalfView.m in Sources */,
				E8B899721E082C2200ED57E3 /* main.m in Sources */,
				E81B144E1E26994200C4875E /* UIImage+Color.m in Sources */,
				E814AF0B1E0BE42600E39746 /* MaxCycleView.m in Sources */,
				E8B899D21E086B3800ED57E3 /* BaseViewController.m in Sources */,
				E85EEB291E3CABB90036E507 /* RunlooperUtils.m in Sources */,
				E816BFA01E10FEA500B818EB /* JKNetSchoolViewController.m in Sources */,
				E81EF7511E1289BB00DD0661 /* TopSelectView.m in Sources */,
				E81C3BCF1E195A0A00207ACE /* MomentsCell.m in Sources */,
				E81C3BCA1E19549B00207ACE /* BaseScrollViewController.m in Sources */,
				E81756E21E099F5000E261F4 /* OnLineoffLineView.m in Sources */,
				E81B144B1E268FD000C4875E /* webModel.m in Sources */,
				E82D82851E1CD03C000F7ED3 /* IssueRequest.m in Sources */,
				E8B837651E15B339005178D5 /* CLASSB.m in Sources */,
				E81EF7591E12A85400DD0661 /* NetSchoolRequest.m in Sources */,
				E8B899C91E08516D00ED57E3 /* UIImage+Render.m in Sources */,
				E81756DF1E09404600E261F4 /* GeneralRequestVM.m in Sources */,
				E81756CF1E0919A400E261F4 /* JKCustomButton.m in Sources */,
				E8B899B51E0834E100ED57E3 /* JKIssueViewController.m in Sources */,
				E81756D31E092C5000E261F4 /* JKGeneralCell.m in Sources */,
				E81756E51E099FF400E261F4 /* OnLineCustomButton.m in Sources */,
			);
			runOnlyForDeploymentPostprocessing = 0;
		};
		E8B899821E082C2200ED57E3 /* Sources */ = {
			isa = PBXSourcesBuildPhase;
			buildActionMask = 2147483647;
			files = (
				E8B8998B1E082C2200ED57E3 /* JK_WXForumTests.m in Sources */,
			);
			runOnlyForDeploymentPostprocessing = 0;
		};
		E8B8998D1E082C2200ED57E3 /* Sources */ = {
			isa = PBXSourcesBuildPhase;
			buildActionMask = 2147483647;
			files = (
				E8B899961E082C2200ED57E3 /* JK_WXForumUITests.m in Sources */,
			);
			runOnlyForDeploymentPostprocessing = 0;
		};
/* End PBXSourcesBuildPhase section */

/* Begin PBXTargetDependency section */
		E8B899881E082C2200ED57E3 /* PBXTargetDependency */ = {
			isa = PBXTargetDependency;
			target = E8B8996C1E082C2200ED57E3 /* JK_WXForum */;
			targetProxy = E8B899871E082C2200ED57E3 /* PBXContainerItemProxy */;
		};
		E8B899931E082C2200ED57E3 /* PBXTargetDependency */ = {
			isa = PBXTargetDependency;
			target = E8B8996C1E082C2200ED57E3 /* JK_WXForum */;
			targetProxy = E8B899921E082C2200ED57E3 /* PBXContainerItemProxy */;
		};
/* End PBXTargetDependency section */

/* Begin PBXVariantGroup section */
		E8B899791E082C2200ED57E3 /* Main.storyboard */ = {
			isa = PBXVariantGroup;
			children = (
				E8B8997A1E082C2200ED57E3 /* Base */,
			);
			name = Main.storyboard;
			sourceTree = "<group>";
		};
		E8B8997E1E082C2200ED57E3 /* LaunchScreen.storyboard */ = {
			isa = PBXVariantGroup;
			children = (
				E8B8997F1E082C2200ED57E3 /* Base */,
			);
			name = LaunchScreen.storyboard;
			sourceTree = "<group>";
		};
/* End PBXVariantGroup section */

/* Begin XCBuildConfiguration section */
		E8B899981E082C2200ED57E3 /* Debug */ = {
			isa = XCBuildConfiguration;
			buildSettings = {
				ALWAYS_SEARCH_USER_PATHS = NO;
				CLANG_ANALYZER_NONNULL = YES;
				CLANG_CXX_LANGUAGE_STANDARD = "gnu++0x";
				CLANG_CXX_LIBRARY = "libc++";
				CLANG_ENABLE_MODULES = YES;
				CLANG_ENABLE_OBJC_ARC = YES;
				CLANG_WARN_BOOL_CONVERSION = YES;
				CLANG_WARN_CONSTANT_CONVERSION = YES;
				CLANG_WARN_DIRECT_OBJC_ISA_USAGE = YES_ERROR;
				CLANG_WARN_EMPTY_BODY = YES;
				CLANG_WARN_ENUM_CONVERSION = YES;
				CLANG_WARN_INT_CONVERSION = YES;
				CLANG_WARN_OBJC_ROOT_CLASS = YES_ERROR;
				CLANG_WARN_UNREACHABLE_CODE = YES;
				CLANG_WARN__DUPLICATE_METHOD_MATCH = YES;
				"CODE_SIGN_IDENTITY[sdk=iphoneos*]" = "iPhone Developer";
				COPY_PHASE_STRIP = NO;
				DEBUG_INFORMATION_FORMAT = dwarf;
				ENABLE_STRICT_OBJC_MSGSEND = YES;
				ENABLE_TESTABILITY = YES;
				GCC_C_LANGUAGE_STANDARD = gnu99;
				GCC_DYNAMIC_NO_PIC = NO;
				GCC_NO_COMMON_BLOCKS = YES;
				GCC_OPTIMIZATION_LEVEL = 0;
				GCC_PREPROCESSOR_DEFINITIONS = (
					"DEBUG=1",
					"$(inherited)",
				);
				GCC_WARN_64_TO_32_BIT_CONVERSION = YES;
				GCC_WARN_ABOUT_RETURN_TYPE = YES_ERROR;
				GCC_WARN_UNDECLARED_SELECTOR = YES;
				GCC_WARN_UNINITIALIZED_AUTOS = YES_AGGRESSIVE;
				GCC_WARN_UNUSED_FUNCTION = YES;
				GCC_WARN_UNUSED_VARIABLE = YES;
				IPHONEOS_DEPLOYMENT_TARGET = 9.3;
				MTL_ENABLE_DEBUG_INFO = YES;
				ONLY_ACTIVE_ARCH = YES;
				SDKROOT = iphoneos;
			};
			name = Debug;
		};
		E8B899991E082C2200ED57E3 /* Release */ = {
			isa = XCBuildConfiguration;
			buildSettings = {
				ALWAYS_SEARCH_USER_PATHS = NO;
				CLANG_ANALYZER_NONNULL = YES;
				CLANG_CXX_LANGUAGE_STANDARD = "gnu++0x";
				CLANG_CXX_LIBRARY = "libc++";
				CLANG_ENABLE_MODULES = YES;
				CLANG_ENABLE_OBJC_ARC = YES;
				CLANG_WARN_BOOL_CONVERSION = YES;
				CLANG_WARN_CONSTANT_CONVERSION = YES;
				CLANG_WARN_DIRECT_OBJC_ISA_USAGE = YES_ERROR;
				CLANG_WARN_EMPTY_BODY = YES;
				CLANG_WARN_ENUM_CONVERSION = YES;
				CLANG_WARN_INT_CONVERSION = YES;
				CLANG_WARN_OBJC_ROOT_CLASS = YES_ERROR;
				CLANG_WARN_UNREACHABLE_CODE = YES;
				CLANG_WARN__DUPLICATE_METHOD_MATCH = YES;
				"CODE_SIGN_IDENTITY[sdk=iphoneos*]" = "iPhone Developer";
				COPY_PHASE_STRIP = NO;
				DEBUG_INFORMATION_FORMAT = "dwarf-with-dsym";
				ENABLE_NS_ASSERTIONS = NO;
				ENABLE_STRICT_OBJC_MSGSEND = YES;
				GCC_C_LANGUAGE_STANDARD = gnu99;
				GCC_NO_COMMON_BLOCKS = YES;
				GCC_WARN_64_TO_32_BIT_CONVERSION = YES;
				GCC_WARN_ABOUT_RETURN_TYPE = YES_ERROR;
				GCC_WARN_UNDECLARED_SELECTOR = YES;
				GCC_WARN_UNINITIALIZED_AUTOS = YES_AGGRESSIVE;
				GCC_WARN_UNUSED_FUNCTION = YES;
				GCC_WARN_UNUSED_VARIABLE = YES;
				IPHONEOS_DEPLOYMENT_TARGET = 9.3;
				MTL_ENABLE_DEBUG_INFO = NO;
				SDKROOT = iphoneos;
				VALIDATE_PRODUCT = YES;
			};
			name = Release;
		};
		E8B8999B1E082C2200ED57E3 /* Debug */ = {
			isa = XCBuildConfiguration;
			baseConfigurationReference = 930923F64D7B410AB349226A /* Pods-JK_WXForum.debug.xcconfig */;
			buildSettings = {
				ASSETCATALOG_COMPILER_APPICON_NAME = AppIcon;
				CODE_SIGN_IDENTITY = "iPhone Developer";
				"CODE_SIGN_IDENTITY[sdk=iphoneos*]" = "iPhone Developer";
				GCC_PRECOMPILE_PREFIX_HEADER = YES;
				GCC_PREFIX_HEADER = JK_WXForum/WX_Prefix.h;
				INFOPLIST_FILE = JK_WXForum/Info.plist;
				IPHONEOS_DEPLOYMENT_TARGET = 8.4;
				LD_RUNPATH_SEARCH_PATHS = "$(inherited) @executable_path/Frameworks";
				PRODUCT_BUNDLE_IDENTIFIER = "com.gjt.JK-WXForum";
				PRODUCT_NAME = "$(TARGET_NAME)";
				PROVISIONING_PROFILE = "";
			};
			name = Debug;
		};
		E8B8999C1E082C2200ED57E3 /* Release */ = {
			isa = XCBuildConfiguration;
			baseConfigurationReference = 31AE2F41644ADD620B10F9E5 /* Pods-JK_WXForum.release.xcconfig */;
			buildSettings = {
				ASSETCATALOG_COMPILER_APPICON_NAME = AppIcon;
				CODE_SIGN_IDENTITY = "iPhone Developer";
				"CODE_SIGN_IDENTITY[sdk=iphoneos*]" = "iPhone Developer";
				GCC_PRECOMPILE_PREFIX_HEADER = YES;
				GCC_PREFIX_HEADER = JK_WXForum/WX_Prefix.h;
				INFOPLIST_FILE = JK_WXForum/Info.plist;
				IPHONEOS_DEPLOYMENT_TARGET = 8.4;
				LD_RUNPATH_SEARCH_PATHS = "$(inherited) @executable_path/Frameworks";
				PRODUCT_BUNDLE_IDENTIFIER = "com.gjt.JK-WXForum";
				PRODUCT_NAME = "$(TARGET_NAME)";
				PROVISIONING_PROFILE = "";
			};
			name = Release;
		};
		E8B8999E1E082C2200ED57E3 /* Debug */ = {
			isa = XCBuildConfiguration;
			buildSettings = {
				BUNDLE_LOADER = "$(TEST_HOST)";
				INFOPLIST_FILE = JK_WXForumTests/Info.plist;
				LD_RUNPATH_SEARCH_PATHS = "$(inherited) @executable_path/Frameworks @loader_path/Frameworks";
				PRODUCT_BUNDLE_IDENTIFIER = "com.gjt.JK-WXForumTests";
				PRODUCT_NAME = "$(TARGET_NAME)";
				TEST_HOST = "$(BUILT_PRODUCTS_DIR)/JK_WXForum.app/JK_WXForum";
			};
			name = Debug;
		};
		E8B8999F1E082C2200ED57E3 /* Release */ = {
			isa = XCBuildConfiguration;
			buildSettings = {
				BUNDLE_LOADER = "$(TEST_HOST)";
				INFOPLIST_FILE = JK_WXForumTests/Info.plist;
				LD_RUNPATH_SEARCH_PATHS = "$(inherited) @executable_path/Frameworks @loader_path/Frameworks";
				PRODUCT_BUNDLE_IDENTIFIER = "com.gjt.JK-WXForumTests";
				PRODUCT_NAME = "$(TARGET_NAME)";
				TEST_HOST = "$(BUILT_PRODUCTS_DIR)/JK_WXForum.app/JK_WXForum";
			};
			name = Release;
		};
		E8B899A11E082C2200ED57E3 /* Debug */ = {
			isa = XCBuildConfiguration;
			buildSettings = {
				INFOPLIST_FILE = JK_WXForumUITests/Info.plist;
				LD_RUNPATH_SEARCH_PATHS = "$(inherited) @executable_path/Frameworks @loader_path/Frameworks";
				PRODUCT_BUNDLE_IDENTIFIER = "com.gjt.JK-WXForumUITests";
				PRODUCT_NAME = "$(TARGET_NAME)";
				TEST_TARGET_NAME = JK_WXForum;
			};
			name = Debug;
		};
		E8B899A21E082C2200ED57E3 /* Release */ = {
			isa = XCBuildConfiguration;
			buildSettings = {
				INFOPLIST_FILE = JK_WXForumUITests/Info.plist;
				LD_RUNPATH_SEARCH_PATHS = "$(inherited) @executable_path/Frameworks @loader_path/Frameworks";
				PRODUCT_BUNDLE_IDENTIFIER = "com.gjt.JK-WXForumUITests";
				PRODUCT_NAME = "$(TARGET_NAME)";
				TEST_TARGET_NAME = JK_WXForum;
			};
			name = Release;
		};
/* End XCBuildConfiguration section */

/* Begin XCConfigurationList section */
		E8B899681E082C2200ED57E3 /* Build configuration list for PBXProject "JK_WXForum" */ = {
			isa = XCConfigurationList;
			buildConfigurations = (
				E8B899981E082C2200ED57E3 /* Debug */,
				E8B899991E082C2200ED57E3 /* Release */,
			);
			defaultConfigurationIsVisible = 0;
			defaultConfigurationName = Release;
		};
		E8B8999A1E082C2200ED57E3 /* Build configuration list for PBXNativeTarget "JK_WXForum" */ = {
			isa = XCConfigurationList;
			buildConfigurations = (
				E8B8999B1E082C2200ED57E3 /* Debug */,
				E8B8999C1E082C2200ED57E3 /* Release */,
			);
			defaultConfigurationIsVisible = 0;
			defaultConfigurationName = Release;
		};
		E8B8999D1E082C2200ED57E3 /* Build configuration list for PBXNativeTarget "JK_WXForumTests" */ = {
			isa = XCConfigurationList;
			buildConfigurations = (
				E8B8999E1E082C2200ED57E3 /* Debug */,
				E8B8999F1E082C2200ED57E3 /* Release */,
			);
			defaultConfigurationIsVisible = 0;
			defaultConfigurationName = Release;
		};
		E8B899A01E082C2200ED57E3 /* Build configuration list for PBXNativeTarget "JK_WXForumUITests" */ = {
			isa = XCConfigurationList;
			buildConfigurations = (
				E8B899A11E082C2200ED57E3 /* Debug */,
				E8B899A21E082C2200ED57E3 /* Release */,
			);
			defaultConfigurationIsVisible = 0;
			defaultConfigurationName = Release;
		};
/* End XCConfigurationList section */
	};
	rootObject = E8B899651E082C2200ED57E3 /* Project object */;
}
